<?xml version="1.0" encoding="utf-8"?>
<Project ToolsVersion="4.0" xmlns="http://schemas.microsoft.com/developer/msbuild/2003">
  <ItemGroup>
    <Filter Include="Source Files">
      <UniqueIdentifier>{4FC737F1-C7A5-4376-A066-2A32D752A2FF}</UniqueIdentifier>
      <Extensions>cpp;c;cc;cxx;def;odl;idl;hpj;bat;asm;asmx</Extensions>
    </Filter>
    <Filter Include="Header Files">
      <UniqueIdentifier>{93995380-89BD-4b04-88EB-625FBE52EBFB}</UniqueIdentifier>
      <Extensions>h;hh;hpp;hxx;hm;inl;inc;xsd</Extensions>
    </Filter>
    <Filter Include="Resource Files">
      <UniqueIdentifier>{67DA6AB6-F800-4c08-8B7A-83BB121AAD01}</UniqueIdentifier>
      <Extensions>rc;ico;cur;bmp;dlg;rc2;rct;bin;rgs;gif;jpg;jpeg;jpe;resx;tiff;tif;png;wav;mfcribbon-ms</Extensions>
    </Filter>
    <Filter Include="Documentation">
      <UniqueIdentifier>{10de0ea3-1c55-4856-9ec3-82c4aef8a183}</UniqueIdentifier>
    </Filter>
    <Filter Include="Support Files">
      <UniqueIdentifier>{dff17e9b-46a7-46ae-827a-4a3342d6caff}</UniqueIdentifier>
    </Filter>
    <Filter Include="CValue">
      <UniqueIdentifier>{86211bf9-715b-44ce-89c0-ce44a58de3fb}</UniqueIdentifier>
    </Filter>
  </ItemGroup>
  <ItemGroup>
    <ClCompile Include="CHashMap.cpp">
      <Filter>Source Files</Filter>
    </ClCompile>
    <ClCompile Include="main.cpp">
      <Filter>Source Files</Filter>
    </ClCompile>
    <ClCompile Include="CPair.cpp">
      <Filter>Source Files</Filter>
    </ClCompile>
    <ClCompile Include="CValue_TWeekDay.cpp">
      <Filter>CValue</Filter>
    </ClCompile>
    <ClCompile Include="demagle.cpp">
      <Filter>Support Files</Filter>
    </ClCompile>
    <ClCompile Include="check.cpp">
      <Filter>Support Files</Filter>
    </ClCompile>
    <ClCompile Include="CValue_TStudent.cpp">
      <Filter>CValue</Filter>
    </ClCompile>
  </ItemGroup>
  <ItemGroup>
    <ClInclude Include="CHashMap.h">
      <Filter>Header Files</Filter>
    </ClInclude>
    <ClInclude Include="CPair.h">
      <Filter>Header Files</Filter>
    </ClInclude>
    <ClInclude Include="ClassInfo.h">
      <Filter>Support Files</Filter>
    </ClInclude>
    <ClInclude Include="CValue.h">
      <Filter>CValue</Filter>
    </ClInclude>
    <ClInclude Include="CValue_bool.h">
      <Filter>CValue</Filter>
    </ClInclude>
    <ClInclude Include="CValue_TWeekDay.h">
      <Filter>CValue</Filter>
    </ClInclude>
    <ClInclude Include="demagle.h">
      <Filter>Support Files</Filter>
    </ClInclude>
    <ClInclude Include="check.h">
      <Filter>Support Files</Filter>
    </ClInclude>
    <ClInclude Include="CValue_TStudent.h">
      <Filter>CValue</Filter>
    </ClInclude>
  </ItemGroup>
  <ItemGroup>
    <None Include="Documentation.md">
      <Filter>Documentation</Filter>
    </None>
    <None Include="Doxyfile">
      <Filter>Documentation</Filter>
    </None>
    <None Include="CHashMap.gv">
      <Filter>Documentation</Filter>
    </None>
    <None Include="CHashMapPrimitive.gv">
      <Filter>Documentation</Filter>
    </None>
    <None Include="Introduction.md">
      <Filter>Documentation</Filter>
    </None>
    <None Include="CPair.gv">
      <Filter>Documentation</Filter>
    </None>
  </ItemGroup>
  <ItemGroup>
    <Image Include="project_logo.png">
      <Filter>Resource Files</Filter>
    </Image>
  </ItemGroup>
</Project>